
Microsoft Visual Studio Solution File, Format Version 12.00
# Visual Studio 14
VisualStudioVersion = 14.0.25420.1
MinimumVisualStudioVersion = 10.0.40219.1
Project("{8BB2217D-0F2D-49D1-97BC-3654ED321F3B}") = "Sailthru", "Sailthru\Sailthru.xproj", "{B2485F67-FCDF-412F-81B6-F6C90F9F27AA}"
EndProject
Global
	GlobalSection(SolutionConfigurationPlatforms) = preSolution
		Debug|Any CPU = Debug|Any CPU
		Release|Any CPU = Release|Any CPU
	EndGlobalSection
	GlobalSection(ProjectConfigurationPlatforms) = postSolution
		{B2485F67-FCDF-412F-81B6-F6C90F9F27AA}.Debug|Any CPU.ActiveCfg = Debug|Any CPU
		{B2485F67-FCDF-412F-81B6-F6C90F9F27AA}.Debug|Any CPU.Build.0 = Debug|Any CPU
		{B2485F67-FCDF-412F-81B6-F6C90F9F27AA}.Release|Any CPU.ActiveCfg = Release|Any CPU
		{B2485F67-FCDF-412F-81B6-F6C90F9F27AA}.Release|Any CPU.Build.0 = Release|Any CPU
	EndGlobalSection
	GlobalSection(SolutionProperties) = preSolution
		HideSolutionNode = FALSE
	EndGlobalSection
EndGlobal
